// !$*UTF8*$!
{
	archiveVersion = 1;
	classes = {
	};
	objectVersion = 46;
	objects = {

/* Begin PBXBuildFile section */
		9B32CEDD1A36650200704845 /* AppDelegate.swift in Sources */ = {isa = PBXBuildFile; fileRef = 9B32CEDC1A36650200704845 /* AppDelegate.swift */; };
		9B32CEE01A36650200704845 /* Frontend2.xcdatamodeld in Sources */ = {isa = PBXBuildFile; fileRef = 9B32CEDE1A36650200704845 /* Frontend2.xcdatamodeld */; };
		9B32CEE21A36650200704845 /* ViewController.swift in Sources */ = {isa = PBXBuildFile; fileRef = 9B32CEE11A36650200704845 /* ViewController.swift */; };
		9B32CEE51A36650200704845 /* Main.storyboard in Resources */ = {isa = PBXBuildFile; fileRef = 9B32CEE31A36650200704845 /* Main.storyboard */; };
		9B32CEE71A36650200704845 /* Images.xcassets in Resources */ = {isa = PBXBuildFile; fileRef = 9B32CEE61A36650200704845 /* Images.xcassets */; };
		9B32CEEA1A36650200704845 /* LaunchScreen.xib in Resources */ = {isa = PBXBuildFile; fileRef = 9B32CEE81A36650200704845 /* LaunchScreen.xib */; };
		9B32CEF61A36650300704845 /* Frontend2Tests.swift in Sources */ = {isa = PBXBuildFile; fileRef = 9B32CEF51A36650300704845 /* Frontend2Tests.swift */; };
		9B4909A91A36A4A600DB8E02 /* HangoutAPIClient.swift in Sources */ = {isa = PBXBuildFile; fileRef = 9B4909A81A36A4A600DB8E02 /* HangoutAPIClient.swift */; };
		9B4909AB1A36A4CA00DB8E02 /* MainViewController.swift in Sources */ = {isa = PBXBuildFile; fileRef = 9B4909AA1A36A4CA00DB8E02 /* MainViewController.swift */; };
		9B4909AD1A36A4DE00DB8E02 /* FeedViewController.swift in Sources */ = {isa = PBXBuildFile; fileRef = 9B4909AC1A36A4DE00DB8E02 /* FeedViewController.swift */; };
		9B4909AF1A36A4EB00DB8E02 /* HomepageViewController.swift in Sources */ = {isa = PBXBuildFile; fileRef = 9B4909AE1A36A4EB00DB8E02 /* HomepageViewController.swift */; };
		9B4909B11A36A4F700DB8E02 /* SignupViewController.swift in Sources */ = {isa = PBXBuildFile; fileRef = 9B4909B01A36A4F700DB8E02 /* SignupViewController.swift */; };
		9B4909B31A36A50300DB8E02 /* LoginViewController.swift in Sources */ = {isa = PBXBuildFile; fileRef = 9B4909B21A36A50300DB8E02 /* LoginViewController.swift */; };
		9B4909B51A36A98B00DB8E02 /* FriendsViewController.swift in Sources */ = {isa = PBXBuildFile; fileRef = 9B4909B41A36A98B00DB8E02 /* FriendsViewController.swift */; };
		9B4909B71A36B8D800DB8E02 /* AddFriendViewController.swift in Sources */ = {isa = PBXBuildFile; fileRef = 9B4909B61A36B8D800DB8E02 /* AddFriendViewController.swift */; };
		9B4909B91A36B8E500DB8E02 /* FriendRequestViewController.swift in Sources */ = {isa = PBXBuildFile; fileRef = 9B4909B81A36B8E500DB8E02 /* FriendRequestViewController.swift */; };
/* End PBXBuildFile section */

/* Begin PBXContainerItemProxy section */
		9B32CEF01A36650300704845 /* PBXContainerItemProxy */ = {
			isa = PBXContainerItemProxy;
			containerPortal = 9B32CECF1A36650200704845 /* Project object */;
			proxyType = 1;
			remoteGlobalIDString = 9B32CED61A36650200704845;
			remoteInfo = Frontend2;
		};
/* End PBXContainerItemProxy section */

/* Begin PBXFileReference section */
		9B32CED71A36650200704845 /* Frontend2.app */ = {isa = PBXFileReference; explicitFileType = wrapper.application; includeInIndex = 0; path = Frontend2.app; sourceTree = BUILT_PRODUCTS_DIR; };
		9B32CEDB1A36650200704845 /* Info.plist */ = {isa = PBXFileReference; lastKnownFileType = text.plist.xml; path = Info.plist; sourceTree = "<group>"; };
		9B32CEDC1A36650200704845 /* AppDelegate.swift */ = {isa = PBXFileReference; lastKnownFileType = sourcecode.swift; path = AppDelegate.swift; sourceTree = "<group>"; };
		9B32CEDF1A36650200704845 /* Frontend2.xcdatamodel */ = {isa = PBXFileReference; lastKnownFileType = wrapper.xcdatamodel; path = Frontend2.xcdatamodel; sourceTree = "<group>"; };
		9B32CEE11A36650200704845 /* ViewController.swift */ = {isa = PBXFileReference; lastKnownFileType = sourcecode.swift; path = ViewController.swift; sourceTree = "<group>"; };
		9B32CEE41A36650200704845 /* Base */ = {isa = PBXFileReference; lastKnownFileType = file.storyboard; name = Base; path = Base.lproj/Main.storyboard; sourceTree = "<group>"; };
		9B32CEE61A36650200704845 /* Images.xcassets */ = {isa = PBXFileReference; lastKnownFileType = folder.assetcatalog; path = Images.xcassets; sourceTree = "<group>"; };
		9B32CEE91A36650200704845 /* Base */ = {isa = PBXFileReference; lastKnownFileType = file.xib; name = Base; path = Base.lproj/LaunchScreen.xib; sourceTree = "<group>"; };
		9B32CEEF1A36650300704845 /* Frontend2Tests.xctest */ = {isa = PBXFileReference; explicitFileType = wrapper.cfbundle; includeInIndex = 0; path = Frontend2Tests.xctest; sourceTree = BUILT_PRODUCTS_DIR; };
		9B32CEF41A36650300704845 /* Info.plist */ = {isa = PBXFileReference; lastKnownFileType = text.plist.xml; path = Info.plist; sourceTree = "<group>"; };
		9B32CEF51A36650300704845 /* Frontend2Tests.swift */ = {isa = PBXFileReference; lastKnownFileType = sourcecode.swift; path = Frontend2Tests.swift; sourceTree = "<group>"; };
		9B4909A81A36A4A600DB8E02 /* HangoutAPIClient.swift */ = {isa = PBXFileReference; fileEncoding = 4; lastKnownFileType = sourcecode.swift; path = HangoutAPIClient.swift; sourceTree = "<group>"; };
		9B4909AA1A36A4CA00DB8E02 /* MainViewController.swift */ = {isa = PBXFileReference; fileEncoding = 4; lastKnownFileType = sourcecode.swift; path = MainViewController.swift; sourceTree = "<group>"; };
		9B4909AC1A36A4DE00DB8E02 /* FeedViewController.swift */ = {isa = PBXFileReference; fileEncoding = 4; lastKnownFileType = sourcecode.swift; path = FeedViewController.swift; sourceTree = "<group>"; };
		9B4909AE1A36A4EB00DB8E02 /* HomepageViewController.swift */ = {isa = PBXFileReference; fileEncoding = 4; lastKnownFileType = sourcecode.swift; path = HomepageViewController.swift; sourceTree = "<group>"; };
		9B4909B01A36A4F700DB8E02 /* SignupViewController.swift */ = {isa = PBXFileReference; fileEncoding = 4; lastKnownFileType = sourcecode.swift; path = SignupViewController.swift; sourceTree = "<group>"; };
		9B4909B21A36A50300DB8E02 /* LoginViewController.swift */ = {isa = PBXFileReference; fileEncoding = 4; lastKnownFileType = sourcecode.swift; path = LoginViewController.swift; sourceTree = "<group>"; };
		9B4909B41A36A98B00DB8E02 /* FriendsViewController.swift */ = {isa = PBXFileReference; fileEncoding = 4; lastKnownFileType = sourcecode.swift; path = FriendsViewController.swift; sourceTree = "<group>"; };
		9B4909B61A36B8D800DB8E02 /* AddFriendViewController.swift */ = {isa = PBXFileReference; fileEncoding = 4; lastKnownFileType = sourcecode.swift; path = AddFriendViewController.swift; sourceTree = "<group>"; };
		9B4909B81A36B8E500DB8E02 /* FriendRequestViewController.swift */ = {isa = PBXFileReference; fileEncoding = 4; lastKnownFileType = sourcecode.swift; path = FriendRequestViewController.swift; sourceTree = "<group>"; };
/* End PBXFileReference section */

/* Begin PBXFrameworksBuildPhase section */
		9B32CED41A36650200704845 /* Frameworks */ = {
			isa = PBXFrameworksBuildPhase;
			buildActionMask = 2147483647;
			files = (
			);
			runOnlyForDeploymentPostprocessing = 0;
		};
		9B32CEEC1A36650300704845 /* Frameworks */ = {
			isa = PBXFrameworksBuildPhase;
			buildActionMask = 2147483647;
			files = (
			);
			runOnlyForDeploymentPostprocessing = 0;
		};
/* End PBXFrameworksBuildPhase section */

/* Begin PBXGroup section */
		9B32CECE1A36650200704845 = {
			isa = PBXGroup;
			children = (
				9B32CED91A36650200704845 /* Frontend2 */,
				9B32CEF21A36650300704845 /* Frontend2Tests */,
				9B32CED81A36650200704845 /* Products */,
			);
			sourceTree = "<group>";
		};
		9B32CED81A36650200704845 /* Products */ = {
			isa = PBXGroup;
			children = (
				9B32CED71A36650200704845 /* Frontend2.app */,
				9B32CEEF1A36650300704845 /* Frontend2Tests.xctest */,
			);
			name = Products;
			sourceTree = "<group>";
		};
		9B32CED91A36650200704845 /* Frontend2 */ = {
			isa = PBXGroup;
			children = (
				9B4909A61A36A3F600DB8E02 /* HangoutAPIClient */,
				9B4909A71A36A41600DB8E02 /* ViewControllers */,
				9B32CEDC1A36650200704845 /* AppDelegate.swift */,
				9B32CEE61A36650200704845 /* Images.xcassets */,
				9B32CEE81A36650200704845 /* LaunchScreen.xib */,
				9B32CEDE1A36650200704845 /* Frontend2.xcdatamodeld */,
				9B32CEDA1A36650200704845 /* Supporting Files */,
			);
			path = Frontend2;
			sourceTree = "<group>";
		};
		9B32CEDA1A36650200704845 /* Supporting Files */ = {
			isa = PBXGroup;
			children = (
				9B32CEDB1A36650200704845 /* Info.plist */,
			);
			name = "Supporting Files";
			sourceTree = "<group>";
		};
		9B32CEF21A36650300704845 /* Frontend2Tests */ = {
			isa = PBXGroup;
			children = (
				9B32CEF51A36650300704845 /* Frontend2Tests.swift */,
				9B32CEF31A36650300704845 /* Supporting Files */,
			);
			path = Frontend2Tests;
			sourceTree = "<group>";
		};
		9B32CEF31A36650300704845 /* Supporting Files */ = {
			isa = PBXGroup;
			children = (
				9B32CEF41A36650300704845 /* Info.plist */,
			);
			name = "Supporting Files";
			sourceTree = "<group>";
		};
		9B4909A61A36A3F600DB8E02 /* HangoutAPIClient */ = {
			isa = PBXGroup;
			children = (
				9B4909A81A36A4A600DB8E02 /* HangoutAPIClient.swift */,
			);
			name = HangoutAPIClient;
			sourceTree = "<group>";
		};
		9B4909A71A36A41600DB8E02 /* ViewControllers */ = {
			isa = PBXGroup;
			children = (
				9B32CEE31A36650200704845 /* Main.storyboard */,
				9B4909AA1A36A4CA00DB8E02 /* MainViewController.swift */,
				9B4909AC1A36A4DE00DB8E02 /* FeedViewController.swift */,
				9B4909AE1A36A4EB00DB8E02 /* HomepageViewController.swift */,
				9B4909B01A36A4F700DB8E02 /* SignupViewController.swift */,
				9B4909B21A36A50300DB8E02 /* LoginViewController.swift */,
				9B32CEE11A36650200704845 /* ViewController.swift */,
				9B4909B41A36A98B00DB8E02 /* FriendsViewController.swift */,
				9B4909B61A36B8D800DB8E02 /* AddFriendViewController.swift */,
				9B4909B81A36B8E500DB8E02 /* FriendRequestViewController.swift */,
			);
			name = ViewControllers;
			sourceTree = "<group>";
		};
/* End PBXGroup section */

/* Begin PBXNativeTarget section */
		9B32CED61A36650200704845 /* Frontend2 */ = {
			isa = PBXNativeTarget;
			buildConfigurationList = 9B32CEF91A36650300704845 /* Build configuration list for PBXNativeTarget "Frontend2" */;
			buildPhases = (
				9B32CED31A36650200704845 /* Sources */,
				9B32CED41A36650200704845 /* Frameworks */,
				9B32CED51A36650200704845 /* Resources */,
			);
			buildRules = (
			);
			dependencies = (
			);
			name = Frontend2;
			productName = Frontend2;
			productReference = 9B32CED71A36650200704845 /* Frontend2.app */;
			productType = "com.apple.product-type.application";
		};
		9B32CEEE1A36650300704845 /* Frontend2Tests */ = {
			isa = PBXNativeTarget;
			buildConfigurationList = 9B32CEFC1A36650300704845 /* Build configuration list for PBXNativeTarget "Frontend2Tests" */;
			buildPhases = (
				9B32CEEB1A36650300704845 /* Sources */,
				9B32CEEC1A36650300704845 /* Frameworks */,
				9B32CEED1A36650300704845 /* Resources */,
			);
			buildRules = (
			);
			dependencies = (
				9B32CEF11A36650300704845 /* PBXTargetDependency */,
			);
			name = Frontend2Tests;
			productName = Frontend2Tests;
			productReference = 9B32CEEF1A36650300704845 /* Frontend2Tests.xctest */;
			productType = "com.apple.product-type.bundle.unit-test";
		};
/* End PBXNativeTarget section */

/* Begin PBXProject section */
		9B32CECF1A36650200704845 /* Project object */ = {
			isa = PBXProject;
			attributes = {
				LastUpgradeCheck = 0610;
				ORGANIZATIONNAME = "Ryan Tabler";
				TargetAttributes = {
					9B32CED61A36650200704845 = {
						CreatedOnToolsVersion = 6.1;
					};
					9B32CEEE1A36650300704845 = {
						CreatedOnToolsVersion = 6.1;
						TestTargetID = 9B32CED61A36650200704845;
					};
				};
			};
			buildConfigurationList = 9B32CED21A36650200704845 /* Build configuration list for PBXProject "Frontend2" */;
			compatibilityVersion = "Xcode 3.2";
			developmentRegion = English;
			hasScannedForEncodings = 0;
			knownRegions = (
				en,
				Base,
			);
			mainGroup = 9B32CECE1A36650200704845;
			productRefGroup = 9B32CED81A36650200704845 /* Products */;
			projectDirPath = "";
			projectRoot = "";
			targets = (
				9B32CED61A36650200704845 /* Frontend2 */,
				9B32CEEE1A36650300704845 /* Frontend2Tests */,
			);
		};
/* End PBXProject section */

/* Begin PBXResourcesBuildPhase section */
		9B32CED51A36650200704845 /* Resources */ = {
			isa = PBXResourcesBuildPhase;
			buildActionMask = 2147483647;
			files = (
				9B32CEE51A36650200704845 /* Main.storyboard in Resources */,
				9B32CEEA1A36650200704845 /* LaunchScreen.xib in Resources */,
				9B32CEE71A36650200704845 /* Images.xcassets in Resources */,
			);
			runOnlyForDeploymentPostprocessing = 0;
		};
		9B32CEED1A36650300704845 /* Resources */ = {
			isa = PBXResourcesBuildPhase;
			buildActionMask = 2147483647;
			files = (
			);
			runOnlyForDeploymentPostprocessing = 0;
		};
/* End PBXResourcesBuildPhase section */

/* Begin PBXSourcesBuildPhase section */
		9B32CED31A36650200704845 /* Sources */ = {
			isa = PBXSourcesBuildPhase;
			buildActionMask = 2147483647;
			files = (
				9B4909B31A36A50300DB8E02 /* LoginViewController.swift in Sources */,
				9B4909A91A36A4A600DB8E02 /* HangoutAPIClient.swift in Sources */,
				9B32CEE21A36650200704845 /* ViewController.swift in Sources */,
				9B4909B11A36A4F700DB8E02 /* SignupViewController.swift in Sources */,
				9B32CEE01A36650200704845 /* Frontend2.xcdatamodeld in Sources */,
				9B4909AF1A36A4EB00DB8E02 /* HomepageViewController.swift in Sources */,
				9B4909B51A36A98B00DB8E02 /* FriendsViewController.swift in Sources */,
				9B32CEDD1A36650200704845 /* AppDelegate.swift in Sources */,
				9B4909B91A36B8E500DB8E02 /* FriendRequestViewController.swift in Sources */,
				9B4909B71A36B8D800DB8E02 /* AddFriendViewController.swift in Sources */,
				9B4909AD1A36A4DE00DB8E02 /* FeedViewController.swift in Sources */,
				9B4909AB1A36A4CA00DB8E02 /* MainViewController.swift in Sources */,
			);
			runOnlyForDeploymentPostprocessing = 0;
		};
		9B32CEEB1A36650300704845 /* Sources */ = {
			isa = PBXSourcesBuildPhase;
			buildActionMask = 2147483647;
			files = (
				9B32CEF61A36650300704845 /* Frontend2Tests.swift in Sources */,
			);
			runOnlyForDeploymentPostprocessing = 0;
		};
/* End PBXSourcesBuildPhase section */

/* Begin PBXTargetDependency section */
		9B32CEF11A36650300704845 /* PBXTargetDependency */ = {
			isa = PBXTargetDependency;
			target = 9B32CED61A36650200704845 /* Frontend2 */;
			targetProxy = 9B32CEF01A36650300704845 /* PBXContainerItemProxy */;
		};
/* End PBXTargetDependency section */

/* Begin PBXVariantGroup section */
		9B32CEE31A36650200704845 /* Main.storyboard */ = {
			isa = PBXVariantGroup;
			children = (
				9B32CEE41A36650200704845 /* Base */,
			);
			name = Main.storyboard;
			sourceTree = "<group>";
		};
		9B32CEE81A36650200704845 /* LaunchScreen.xib */ = {
			isa = PBXVariantGroup;
			children = (
				9B32CEE91A36650200704845 /* Base */,
			);
			name = LaunchScreen.xib;
			sourceTree = "<group>";
		};
/* End PBXVariantGroup section */

/* Begin XCBuildConfiguration section */
		9B32CEF71A36650300704845 /* Debug */ = {
			isa = XCBuildConfiguration;
			buildSettings = {
				ALWAYS_SEARCH_USER_PATHS = NO;
				CLANG_CXX_LANGUAGE_STANDARD = "gnu++0x";
				CLANG_CXX_LIBRARY = "libc++";
				CLANG_ENABLE_MODULES = YES;
				CLANG_ENABLE_OBJC_ARC = YES;
				CLANG_WARN_BOOL_CONVERSION = YES;
				CLANG_WARN_CONSTANT_CONVERSION = YES;
				CLANG_WARN_DIRECT_OBJC_ISA_USAGE = YES_ERROR;
				CLANG_WARN_EMPTY_BODY = YES;
				CLANG_WARN_ENUM_CONVERSION = YES;
				CLANG_WARN_INT_CONVERSION = YES;
				CLANG_WARN_OBJC_ROOT_CLASS = YES_ERROR;
				CLANG_WARN_UNREACHABLE_CODE = YES;
				CLANG_WARN__DUPLICATE_METHOD_MATCH = YES;
				"CODE_SIGN_IDENTITY[sdk=iphoneos*]" = "iPhone Developer";
				COPY_PHASE_STRIP = NO;
				ENABLE_STRICT_OBJC_MSGSEND = YES;
				GCC_C_LANGUAGE_STANDARD = gnu99;
				GCC_DYNAMIC_NO_PIC = NO;
				GCC_OPTIMIZATION_LEVEL = 0;
				GCC_PREPROCESSOR_DEFINITIONS = (
					"DEBUG=1",
					"$(inherited)",
				);
				GCC_SYMBOLS_PRIVATE_EXTERN = NO;
				GCC_WARN_64_TO_32_BIT_CONVERSION = YES;
				GCC_WARN_ABOUT_RETURN_TYPE = YES_ERROR;
				GCC_WARN_UNDECLARED_SELECTOR = YES;
				GCC_WARN_UNINITIALIZED_AUTOS = YES_AGGRESSIVE;
				GCC_WARN_UNUSED_FUNCTION = YES;
				GCC_WARN_UNUSED_VARIABLE = YES;
				IPHONEOS_DEPLOYMENT_TARGET = 8.1;
				MTL_ENABLE_DEBUG_INFO = YES;
				ONLY_ACTIVE_ARCH = YES;
				SDKROOT = iphoneos;
				SWIFT_OPTIMIZATION_LEVEL = "-Onone";
				TARGETED_DEVICE_FAMILY = "1,2";
			};
			name = Debug;
		};
		9B32CEF81A36650300704845 /* Release */ = {
			isa = XCBuildConfiguration;
			buildSettings = {
				ALWAYS_SEARCH_USER_PATHS = NO;
				CLANG_CXX_LANGUAGE_STANDARD = "gnu++0x";
				CLANG_CXX_LIBRARY = "libc++";
				CLANG_ENABLE_MODULES = YES;
				CLANG_ENABLE_OBJC_ARC = YES;
				CLANG_WARN_BOOL_CONVERSION = YES;
				CLANG_WARN_CONSTANT_CONVERSION = YES;
				CLANG_WARN_DIRECT_OBJC_ISA_USAGE = YES_ERROR;
				CLANG_WARN_EMPTY_BODY = YES;
				CLANG_WARN_ENUM_CONVERSION = YES;
				CLANG_WARN_INT_CONVERSION = YES;
				CLANG_WARN_OBJC_ROOT_CLASS = YES_ERROR;
				CLANG_WARN_UNREACHABLE_CODE = YES;
				CLANG_WARN__DUPLICATE_METHOD_MATCH = YES;
				"CODE_SIGN_IDENTITY[sdk=iphoneos*]" = "iPhone Developer";
				COPY_PHASE_STRIP = YES;
				ENABLE_NS_ASSERTIONS = NO;
				ENABLE_STRICT_OBJC_MSGSEND = YES;
				GCC_C_LANGUAGE_STANDARD = gnu99;
				GCC_WARN_64_TO_32_BIT_CONVERSION = YES;
				GCC_WARN_ABOUT_RETURN_TYPE = YES_ERROR;
				GCC_WARN_UNDECLARED_SELECTOR = YES;
				GCC_WARN_UNINITIALIZED_AUTOS = YES_AGGRESSIVE;
				GCC_WARN_UNUSED_FUNCTION = YES;
				GCC_WARN_UNUSED_VARIABLE = YES;
				IPHONEOS_DEPLOYMENT_TARGET = 8.1;
				MTL_ENABLE_DEBUG_INFO = NO;
				SDKROOT = iphoneos;
				TARGETED_DEVICE_FAMILY = "1,2";
				VALIDATE_PRODUCT = YES;
			};
			name = Release;
		};
		9B32CEFA1A36650300704845 /* Debug */ = {
			isa = XCBuildConfiguration;
			buildSettings = {
				ASSETCATALOG_COMPILER_APPICON_NAME = AppIcon;
				INFOPLIST_FILE = Frontend2/Info.plist;
				LD_RUNPATH_SEARCH_PATHS = "$(inherited) @executable_path/Frameworks";
				PRODUCT_NAME = "$(TARGET_NAME)";
				TARGETED_DEVICE_FAMILY = "1,2";
			};
			name = Debug;
		};
		9B32CEFB1A36650300704845 /* Release */ = {
			isa = XCBuildConfiguration;
			buildSettings = {
				ASSETCATALOG_COMPILER_APPICON_NAME = AppIcon;
				INFOPLIST_FILE = Frontend2/Info.plist;
				LD_RUNPATH_SEARCH_PATHS = "$(inherited) @executable_path/Frameworks";
				PRODUCT_NAME = "$(TARGET_NAME)";
				TARGETED_DEVICE_FAMILY = "1,2";
			};
			name = Release;
		};
		9B32CEFD1A36650300704845 /* Debug */ = {
			isa = XCBuildConfiguration;
			buildSettings = {
				BUNDLE_LOADER = "$(TEST_HOST)";
				FRAMEWORK_SEARCH_PATHS = (
					"$(SDKROOT)/Developer/Library/Frameworks",
					"$(inherited)",
				);
				GCC_PREPROCESSOR_DEFINITIONS = (
					"DEBUG=1",
					"$(inherited)",
				);
				INFOPLIST_FILE = Frontend2Tests/Info.plist;
				LD_RUNPATH_SEARCH_PATHS = "$(inherited) @executable_path/Frameworks @loader_path/Frameworks";
				PRODUCT_NAME = "$(TARGET_NAME)";
				TEST_HOST = "$(BUILT_PRODUCTS_DIR)/Frontend2.app/Frontend2";
			};
			name = Debug;
		};
		9B32CEFE1A36650300704845 /* Release */ = {
			isa = XCBuildConfiguration;
			buildSettings = {
				BUNDLE_LOADER = "$(TEST_HOST)";
				FRAMEWORK_SEARCH_PATHS = (
					"$(SDKROOT)/Developer/Library/Frameworks",
					"$(inherited)",
				);
				INFOPLIST_FILE = Frontend2Tests/Info.plist;
				LD_RUNPATH_SEARCH_PATHS = "$(inherited) @executable_path/Frameworks @loader_path/Frameworks";
				PRODUCT_NAME = "$(TARGET_NAME)";
				TEST_HOST = "$(BUILT_PRODUCTS_DIR)/Frontend2.app/Frontend2";
			};
			name = Release;
		};
/* End XCBuildConfiguration section */

/* Begin XCConfigurationList section */
		9B32CED21A36650200704845 /* Build configuration list for PBXProject "Frontend2" */ = {
			isa = XCConfigurationList;
			buildConfigurations = (
				9B32CEF71A36650300704845 /* Debug */,
				9B32CEF81A36650300704845 /* Release */,
			);
			defaultConfigurationIsVisible = 0;
			defaultConfigurationName = Release;
		};
		9B32CEF91A36650300704845 /* Build configuration list for PBXNativeTarget "Frontend2" */ = {
			isa = XCConfigurationList;
			buildConfigurations = (
				9B32CEFA1A36650300704845 /* Debug */,
				9B32CEFB1A36650300704845 /* Release */,
			);
			defaultConfigurationIsVisible = 0;
			defaultConfigurationName = Release;
		};
		9B32CEFC1A36650300704845 /* Build configuration list for PBXNativeTarget "Frontend2Tests" */ = {
			isa = XCConfigurationList;
			buildConfigurations = (
				9B32CEFD1A36650300704845 /* Debug */,
				9B32CEFE1A36650300704845 /* Release */,
			);
			defaultConfigurationIsVisible = 0;
			defaultConfigurationName = Release;
		};
/* End XCConfigurationList section */

/* Begin XCVersionGroup section */
		9B32CEDE1A36650200704845 /* Frontend2.xcdatamodeld */ = {
			isa = XCVersionGroup;
			children = (
				9B32CEDF1A36650200704845 /* Frontend2.xcdatamodel */,
			);
			currentVersion = 9B32CEDF1A36650200704845 /* Frontend2.xcdatamodel */;
			path = Frontend2.xcdatamodeld;
			sourceTree = "<group>";
			versionGroupType = wrapper.xcdatamodel;
		};
/* End XCVersionGroup section */
	};
	rootObject = 9B32CECF1A36650200704845 /* Project object */;
}
